
Microsoft Visual Studio Solution File, Format Version 12.00
# Visual Studio Version 16
VisualStudioVersion = 16.0.29326.143
MinimumVisualStudioVersion = 10.0.40219.1
Project("{FAE04EC0-301F-11D3-BF4B-00C04F79EFBC}") = "MyShop.Core", "MyShop.Core\MyShop.Core.csproj", "{63B23EEB-E2F3-4EDA-B375-65E6474B49DC}"
EndProject
Project("{FAE04EC0-301F-11D3-BF4B-00C04F79EFBC}") = "MyShop.Services", "MyShop.Services\MyShop.Services.csproj", "{C16D4B24-6C8C-4CCD-826A-41E497B897B5}"
EndProject
Project("{FAE04EC0-301F-11D3-BF4B-00C04F79EFBC}") = "MyShop.DataAccess.SQL", "MyShop.DataAccess.SQL\MyShop.DataAccess.SQL.csproj", "{B83D09A7-E8DA-4FBF-B341-54532EAC9BD8}"
EndProject
Project("{FAE04EC0-301F-11D3-BF4B-00C04F79EFBC}") = "MyShop.DataAccess.InMemory", "MyShop.DataAccess.InMemory\MyShop.DataAccess.InMemory.csproj", "{2230523C-F98B-4D5E-B185-29D5C1E7A2EE}"
EndProject
Project("{FAE04EC0-301F-11D3-BF4B-00C04F79EFBC}") = "MyShop.WebUI", "MyShop.WebUI\MyShop.WebUI.csproj", "{D3DA16E8-5EDE-400A-A550-08C69E6C3D95}"
EndProject
Project("{FAE04EC0-301F-11D3-BF4B-00C04F79EFBC}") = "MyShop.WebUI.Tests", "MyShop.WebUI.Tests\MyShop.WebUI.Tests.csproj", "{90E8B831-2A6E-46F0-905F-6987D3E282D4}"
EndProject
Global
	GlobalSection(SolutionConfigurationPlatforms) = preSolution
		Debug|Any CPU = Debug|Any CPU
		Release|Any CPU = Release|Any CPU
	EndGlobalSection
	GlobalSection(ProjectConfigurationPlatforms) = postSolution
		{63B23EEB-E2F3-4EDA-B375-65E6474B49DC}.Debug|Any CPU.ActiveCfg = Debug|Any CPU
		{63B23EEB-E2F3-4EDA-B375-65E6474B49DC}.Debug|Any CPU.Build.0 = Debug|Any CPU
		{63B23EEB-E2F3-4EDA-B375-65E6474B49DC}.Release|Any CPU.ActiveCfg = Release|Any CPU
		{63B23EEB-E2F3-4EDA-B375-65E6474B49DC}.Release|Any CPU.Build.0 = Release|Any CPU
		{C16D4B24-6C8C-4CCD-826A-41E497B897B5}.Debug|Any CPU.ActiveCfg = Debug|Any CPU
		{C16D4B24-6C8C-4CCD-826A-41E497B897B5}.Debug|Any CPU.Build.0 = Debug|Any CPU
		{C16D4B24-6C8C-4CCD-826A-41E497B897B5}.Release|Any CPU.ActiveCfg = Release|Any CPU
		{C16D4B24-6C8C-4CCD-826A-41E497B897B5}.Release|Any CPU.Build.0 = Release|Any CPU
		{B83D09A7-E8DA-4FBF-B341-54532EAC9BD8}.Debug|Any CPU.ActiveCfg = Debug|Any CPU
		{B83D09A7-E8DA-4FBF-B341-54532EAC9BD8}.Debug|Any CPU.Build.0 = Debug|Any CPU
		{B83D09A7-E8DA-4FBF-B341-54532EAC9BD8}.Release|Any CPU.ActiveCfg = Release|Any CPU
		{B83D09A7-E8DA-4FBF-B341-54532EAC9BD8}.Release|Any CPU.Build.0 = Release|Any CPU
		{2230523C-F98B-4D5E-B185-29D5C1E7A2EE}.Debug|Any CPU.ActiveCfg = Debug|Any CPU
		{2230523C-F98B-4D5E-B185-29D5C1E7A2EE}.Debug|Any CPU.Build.0 = Debug|Any CPU
		{2230523C-F98B-4D5E-B185-29D5C1E7A2EE}.Release|Any CPU.ActiveCfg = Release|Any CPU
		{2230523C-F98B-4D5E-B185-29D5C1E7A2EE}.Release|Any CPU.Build.0 = Release|Any CPU
		{D3DA16E8-5EDE-400A-A550-08C69E6C3D95}.Debug|Any CPU.ActiveCfg = Debug|Any CPU
		{D3DA16E8-5EDE-400A-A550-08C69E6C3D95}.Debug|Any CPU.Build.0 = Debug|Any CPU
		{D3DA16E8-5EDE-400A-A550-08C69E6C3D95}.Release|Any CPU.ActiveCfg = Release|Any CPU
		{D3DA16E8-5EDE-400A-A550-08C69E6C3D95}.Release|Any CPU.Build.0 = Release|Any CPU
		{90E8B831-2A6E-46F0-905F-6987D3E282D4}.Debug|Any CPU.ActiveCfg = Debug|Any CPU
		{90E8B831-2A6E-46F0-905F-6987D3E282D4}.Debug|Any CPU.Build.0 = Debug|Any CPU
		{90E8B831-2A6E-46F0-905F-6987D3E282D4}.Release|Any CPU.ActiveCfg = Release|Any CPU
		{90E8B831-2A6E-46F0-905F-6987D3E282D4}.Release|Any CPU.Build.0 = Release|Any CPU
	EndGlobalSection
	GlobalSection(SolutionProperties) = preSolution
		HideSolutionNode = FALSE
	EndGlobalSection
	GlobalSection(ExtensibilityGlobals) = postSolution
		SolutionGuid = {4479D833-C36A-468E-B632-BEA282470EDB}
	EndGlobalSection
EndGlobal
